
Microsoft Visual Studio Solution File, Format Version 12.00
# Visual Studio 15
VisualStudioVersion = 15.0.26730.10
MinimumVisualStudioVersion = 10.0.40219.1
Project("{FAE04EC0-301F-11D3-BF4B-00C04F79EFBC}") = "BibliotecaXamarinWeek", "BibliotecaXamarinWeek\BibliotecaXamarinWeek.csproj", "{A058437C-02F1-49EB-A57D-E98C4810E609}"
EndProject
Project("{FAE04EC0-301F-11D3-BF4B-00C04F79EFBC}") = "BibliotecaXamarinWeek.Droid", "BibliotecaXamarinWeek.Droid\BibliotecaXamarinWeek.Droid.csproj", "{CFEDEAA2-5D28-4E33-9444-E645EE483665}"
EndProject
Project("{FAE04EC0-301F-11D3-BF4B-00C04F79EFBC}") = "BibliotecaXamarinWeek.iOS", "BibliotecaXamarinWeek.iOS\BibliotecaXamarinWeek.iOS.csproj", "{BD76F560-4637-4D42-A904-10DE2B9706EF}"
EndProject
Project("{2150E333-8FDC-42A3-9474-1A3956D46DE8}") = "Teste", "Teste", "{3FE8DC02-E432-4875-944A-48E11C25482B}"
EndProject
Project("{FAE04EC0-301F-11D3-BF4B-00C04F79EFBC}") = "TesteBiblioteca.Android", "TesteBiblioteca\TesteBiblioteca.Android\TesteBiblioteca.Android.csproj", "{5CCF9CE1-20D9-45F3-BA5B-A03C1EAD7AA7}"
EndProject
Project("{FAE04EC0-301F-11D3-BF4B-00C04F79EFBC}") = "TesteBiblioteca", "TesteBiblioteca\TesteBiblioteca\TesteBiblioteca.csproj", "{693F1924-0AF1-4972-95AB-B2D2BC3CEED3}"
EndProject
Project("{FAE04EC0-301F-11D3-BF4B-00C04F79EFBC}") = "TesteBiblioteca.iOS", "TesteBiblioteca\TesteBiblioteca.iOS\TesteBiblioteca.iOS.csproj", "{484E1182-B93B-44E6-B578-42528FF6BC16}"
EndProject
Global
	GlobalSection(SolutionConfigurationPlatforms) = preSolution
		Ad-Hoc|Any CPU = Ad-Hoc|Any CPU
		Ad-Hoc|iPhone = Ad-Hoc|iPhone
		Ad-Hoc|iPhoneSimulator = Ad-Hoc|iPhoneSimulator
		AppStore|Any CPU = AppStore|Any CPU
		AppStore|iPhone = AppStore|iPhone
		AppStore|iPhoneSimulator = AppStore|iPhoneSimulator
		Debug|Any CPU = Debug|Any CPU
		Debug|iPhone = Debug|iPhone
		Debug|iPhoneSimulator = Debug|iPhoneSimulator
		Release|Any CPU = Release|Any CPU
		Release|iPhone = Release|iPhone
		Release|iPhoneSimulator = Release|iPhoneSimulator
	EndGlobalSection
	GlobalSection(ProjectConfigurationPlatforms) = postSolution
		{A058437C-02F1-49EB-A57D-E98C4810E609}.Ad-Hoc|Any CPU.ActiveCfg = Release|Any CPU
		{A058437C-02F1-49EB-A57D-E98C4810E609}.Ad-Hoc|Any CPU.Build.0 = Release|Any CPU
		{A058437C-02F1-49EB-A57D-E98C4810E609}.Ad-Hoc|iPhone.ActiveCfg = Release|Any CPU
		{A058437C-02F1-49EB-A57D-E98C4810E609}.Ad-Hoc|iPhone.Build.0 = Release|Any CPU
		{A058437C-02F1-49EB-A57D-E98C4810E609}.Ad-Hoc|iPhoneSimulator.ActiveCfg = Release|Any CPU
		{A058437C-02F1-49EB-A57D-E98C4810E609}.Ad-Hoc|iPhoneSimulator.Build.0 = Release|Any CPU
		{A058437C-02F1-49EB-A57D-E98C4810E609}.AppStore|Any CPU.ActiveCfg = Release|Any CPU
		{A058437C-02F1-49EB-A57D-E98C4810E609}.AppStore|Any CPU.Build.0 = Release|Any CPU
		{A058437C-02F1-49EB-A57D-E98C4810E609}.AppStore|iPhone.ActiveCfg = Release|Any CPU
		{A058437C-02F1-49EB-A57D-E98C4810E609}.AppStore|iPhone.Build.0 = Release|Any CPU
		{A058437C-02F1-49EB-A57D-E98C4810E609}.AppStore|iPhoneSimulator.ActiveCfg = Release|Any CPU
		{A058437C-02F1-49EB-A57D-E98C4810E609}.AppStore|iPhoneSimulator.Build.0 = Release|Any CPU
		{A058437C-02F1-49EB-A57D-E98C4810E609}.Debug|Any CPU.ActiveCfg = Debug|Any CPU
		{A058437C-02F1-49EB-A57D-E98C4810E609}.Debug|Any CPU.Build.0 = Debug|Any CPU
		{A058437C-02F1-49EB-A57D-E98C4810E609}.Debug|iPhone.ActiveCfg = Debug|Any CPU
		{A058437C-02F1-49EB-A57D-E98C4810E609}.Debug|iPhone.Build.0 = Debug|Any CPU
		{A058437C-02F1-49EB-A57D-E98C4810E609}.Debug|iPhoneSimulator.ActiveCfg = Debug|Any CPU
		{A058437C-02F1-49EB-A57D-E98C4810E609}.Debug|iPhoneSimulator.Build.0 = Debug|Any CPU
		{A058437C-02F1-49EB-A57D-E98C4810E609}.Release|Any CPU.ActiveCfg = Release|Any CPU
		{A058437C-02F1-49EB-A57D-E98C4810E609}.Release|Any CPU.Build.0 = Release|Any CPU
		{A058437C-02F1-49EB-A57D-E98C4810E609}.Release|iPhone.ActiveCfg = Release|Any CPU
		{A058437C-02F1-49EB-A57D-E98C4810E609}.Release|iPhone.Build.0 = Release|Any CPU
		{A058437C-02F1-49EB-A57D-E98C4810E609}.Release|iPhoneSimulator.ActiveCfg = Release|Any CPU
		{A058437C-02F1-49EB-A57D-E98C4810E609}.Release|iPhoneSimulator.Build.0 = Release|Any CPU
		{CFEDEAA2-5D28-4E33-9444-E645EE483665}.Ad-Hoc|Any CPU.ActiveCfg = Release|Any CPU
		{CFEDEAA2-5D28-4E33-9444-E645EE483665}.Ad-Hoc|Any CPU.Build.0 = Release|Any CPU
		{CFEDEAA2-5D28-4E33-9444-E645EE483665}.Ad-Hoc|iPhone.ActiveCfg = Release|Any CPU
		{CFEDEAA2-5D28-4E33-9444-E645EE483665}.Ad-Hoc|iPhone.Build.0 = Release|Any CPU
		{CFEDEAA2-5D28-4E33-9444-E645EE483665}.Ad-Hoc|iPhoneSimulator.ActiveCfg = Release|Any CPU
		{CFEDEAA2-5D28-4E33-9444-E645EE483665}.Ad-Hoc|iPhoneSimulator.Build.0 = Release|Any CPU
		{CFEDEAA2-5D28-4E33-9444-E645EE483665}.AppStore|Any CPU.ActiveCfg = Release|Any CPU
		{CFEDEAA2-5D28-4E33-9444-E645EE483665}.AppStore|Any CPU.Build.0 = Release|Any CPU
		{CFEDEAA2-5D28-4E33-9444-E645EE483665}.AppStore|iPhone.ActiveCfg = Release|Any CPU
		{CFEDEAA2-5D28-4E33-9444-E645EE483665}.AppStore|iPhone.Build.0 = Release|Any CPU
		{CFEDEAA2-5D28-4E33-9444-E645EE483665}.AppStore|iPhoneSimulator.ActiveCfg = Release|Any CPU
		{CFEDEAA2-5D28-4E33-9444-E645EE483665}.AppStore|iPhoneSimulator.Build.0 = Release|Any CPU
		{CFEDEAA2-5D28-4E33-9444-E645EE483665}.Debug|Any CPU.ActiveCfg = Debug|Any CPU
		{CFEDEAA2-5D28-4E33-9444-E645EE483665}.Debug|Any CPU.Build.0 = Debug|Any CPU
		{CFEDEAA2-5D28-4E33-9444-E645EE483665}.Debug|iPhone.ActiveCfg = Debug|Any CPU
		{CFEDEAA2-5D28-4E33-9444-E645EE483665}.Debug|iPhone.Build.0 = Debug|Any CPU
		{CFEDEAA2-5D28-4E33-9444-E645EE483665}.Debug|iPhoneSimulator.ActiveCfg = Debug|Any CPU
		{CFEDEAA2-5D28-4E33-9444-E645EE483665}.Debug|iPhoneSimulator.Build.0 = Debug|Any CPU
		{CFEDEAA2-5D28-4E33-9444-E645EE483665}.Release|Any CPU.ActiveCfg = Release|Any CPU
		{CFEDEAA2-5D28-4E33-9444-E645EE483665}.Release|Any CPU.Build.0 = Release|Any CPU
		{CFEDEAA2-5D28-4E33-9444-E645EE483665}.Release|iPhone.ActiveCfg = Release|Any CPU
		{CFEDEAA2-5D28-4E33-9444-E645EE483665}.Release|iPhone.Build.0 = Release|Any CPU
		{CFEDEAA2-5D28-4E33-9444-E645EE483665}.Release|iPhoneSimulator.ActiveCfg = Release|Any CPU
		{CFEDEAA2-5D28-4E33-9444-E645EE483665}.Release|iPhoneSimulator.Build.0 = Release|Any CPU
		{BD76F560-4637-4D42-A904-10DE2B9706EF}.Ad-Hoc|Any CPU.ActiveCfg = Release|Any CPU
		{BD76F560-4637-4D42-A904-10DE2B9706EF}.Ad-Hoc|Any CPU.Build.0 = Release|Any CPU
		{BD76F560-4637-4D42-A904-10DE2B9706EF}.Ad-Hoc|iPhone.ActiveCfg = Release|Any CPU
		{BD76F560-4637-4D42-A904-10DE2B9706EF}.Ad-Hoc|iPhone.Build.0 = Release|Any CPU
		{BD76F560-4637-4D42-A904-10DE2B9706EF}.Ad-Hoc|iPhoneSimulator.ActiveCfg = Release|Any CPU
		{BD76F560-4637-4D42-A904-10DE2B9706EF}.Ad-Hoc|iPhoneSimulator.Build.0 = Release|Any CPU
		{BD76F560-4637-4D42-A904-10DE2B9706EF}.AppStore|Any CPU.ActiveCfg = Release|Any CPU
		{BD76F560-4637-4D42-A904-10DE2B9706EF}.AppStore|Any CPU.Build.0 = Release|Any CPU
		{BD76F560-4637-4D42-A904-10DE2B9706EF}.AppStore|iPhone.ActiveCfg = Release|Any CPU
		{BD76F560-4637-4D42-A904-10DE2B9706EF}.AppStore|iPhone.Build.0 = Release|Any CPU
		{BD76F560-4637-4D42-A904-10DE2B9706EF}.AppStore|iPhoneSimulator.ActiveCfg = Release|Any CPU
		{BD76F560-4637-4D42-A904-10DE2B9706EF}.AppStore|iPhoneSimulator.Build.0 = Release|Any CPU
		{BD76F560-4637-4D42-A904-10DE2B9706EF}.Debug|Any CPU.ActiveCfg = Debug|Any CPU
		{BD76F560-4637-4D42-A904-10DE2B9706EF}.Debug|Any CPU.Build.0 = Debug|Any CPU
		{BD76F560-4637-4D42-A904-10DE2B9706EF}.Debug|iPhone.ActiveCfg = Debug|Any CPU
		{BD76F560-4637-4D42-A904-10DE2B9706EF}.Debug|iPhone.Build.0 = Debug|Any CPU
		{BD76F560-4637-4D42-A904-10DE2B9706EF}.Debug|iPhoneSimulator.ActiveCfg = Debug|Any CPU
		{BD76F560-4637-4D42-A904-10DE2B9706EF}.Debug|iPhoneSimulator.Build.0 = Debug|Any CPU
		{BD76F560-4637-4D42-A904-10DE2B9706EF}.Release|Any CPU.ActiveCfg = Release|Any CPU
		{BD76F560-4637-4D42-A904-10DE2B9706EF}.Release|Any CPU.Build.0 = Release|Any CPU
		{BD76F560-4637-4D42-A904-10DE2B9706EF}.Release|iPhone.ActiveCfg = Release|Any CPU
		{BD76F560-4637-4D42-A904-10DE2B9706EF}.Release|iPhone.Build.0 = Release|Any CPU
		{BD76F560-4637-4D42-A904-10DE2B9706EF}.Release|iPhoneSimulator.ActiveCfg = Release|Any CPU
		{BD76F560-4637-4D42-A904-10DE2B9706EF}.Release|iPhoneSimulator.Build.0 = Release|Any CPU
		{5CCF9CE1-20D9-45F3-BA5B-A03C1EAD7AA7}.Ad-Hoc|Any CPU.ActiveCfg = Release|Any CPU
		{5CCF9CE1-20D9-45F3-BA5B-A03C1EAD7AA7}.Ad-Hoc|Any CPU.Build.0 = Release|Any CPU
		{5CCF9CE1-20D9-45F3-BA5B-A03C1EAD7AA7}.Ad-Hoc|Any CPU.Deploy.0 = Release|Any CPU
		{5CCF9CE1-20D9-45F3-BA5B-A03C1EAD7AA7}.Ad-Hoc|iPhone.ActiveCfg = Release|Any CPU
		{5CCF9CE1-20D9-45F3-BA5B-A03C1EAD7AA7}.Ad-Hoc|iPhone.Build.0 = Release|Any CPU
		{5CCF9CE1-20D9-45F3-BA5B-A03C1EAD7AA7}.Ad-Hoc|iPhone.Deploy.0 = Release|Any CPU
		{5CCF9CE1-20D9-45F3-BA5B-A03C1EAD7AA7}.Ad-Hoc|iPhoneSimulator.ActiveCfg = Release|Any CPU
		{5CCF9CE1-20D9-45F3-BA5B-A03C1EAD7AA7}.Ad-Hoc|iPhoneSimulator.Build.0 = Release|Any CPU
		{5CCF9CE1-20D9-45F3-BA5B-A03C1EAD7AA7}.Ad-Hoc|iPhoneSimulator.Deploy.0 = Release|Any CPU
		{5CCF9CE1-20D9-45F3-BA5B-A03C1EAD7AA7}.AppStore|Any CPU.ActiveCfg = Release|Any CPU
		{5CCF9CE1-20D9-45F3-BA5B-A03C1EAD7AA7}.AppStore|Any CPU.Build.0 = Release|Any CPU
		{5CCF9CE1-20D9-45F3-BA5B-A03C1EAD7AA7}.AppStore|Any CPU.Deploy.0 = Release|Any CPU
		{5CCF9CE1-20D9-45F3-BA5B-A03C1EAD7AA7}.AppStore|iPhone.ActiveCfg = Release|Any CPU
		{5CCF9CE1-20D9-45F3-BA5B-A03C1EAD7AA7}.AppStore|iPhone.Build.0 = Release|Any CPU
		{5CCF9CE1-20D9-45F3-BA5B-A03C1EAD7AA7}.AppStore|iPhone.Deploy.0 = Release|Any CPU
		{5CCF9CE1-20D9-45F3-BA5B-A03C1EAD7AA7}.AppStore|iPhoneSimulator.ActiveCfg = Release|Any CPU
		{5CCF9CE1-20D9-45F3-BA5B-A03C1EAD7AA7}.AppStore|iPhoneSimulator.Build.0 = Release|Any CPU
		{5CCF9CE1-20D9-45F3-BA5B-A03C1EAD7AA7}.AppStore|iPhoneSimulator.Deploy.0 = Release|Any CPU
		{5CCF9CE1-20D9-45F3-BA5B-A03C1EAD7AA7}.Debug|Any CPU.ActiveCfg = Debug|Any CPU
		{5CCF9CE1-20D9-45F3-BA5B-A03C1EAD7AA7}.Debug|Any CPU.Build.0 = Debug|Any CPU
		{5CCF9CE1-20D9-45F3-BA5B-A03C1EAD7AA7}.Debug|Any CPU.Deploy.0 = Debug|Any CPU
		{5CCF9CE1-20D9-45F3-BA5B-A03C1EAD7AA7}.Debug|iPhone.ActiveCfg = Debug|Any CPU
		{5CCF9CE1-20D9-45F3-BA5B-A03C1EAD7AA7}.Debug|iPhone.Build.0 = Debug|Any CPU
		{5CCF9CE1-20D9-45F3-BA5B-A03C1EAD7AA7}.Debug|iPhone.Deploy.0 = Debug|Any CPU
		{5CCF9CE1-20D9-45F3-BA5B-A03C1EAD7AA7}.Debug|iPhoneSimulator.ActiveCfg = Debug|Any CPU
		{5CCF9CE1-20D9-45F3-BA5B-A03C1EAD7AA7}.Debug|iPhoneSimulator.Build.0 = Debug|Any CPU
		{5CCF9CE1-20D9-45F3-BA5B-A03C1EAD7AA7}.Debug|iPhoneSimulator.Deploy.0 = Debug|Any CPU
		{5CCF9CE1-20D9-45F3-BA5B-A03C1EAD7AA7}.Release|Any CPU.ActiveCfg = Release|Any CPU
		{5CCF9CE1-20D9-45F3-BA5B-A03C1EAD7AA7}.Release|Any CPU.Build.0 = Release|Any CPU
		{5CCF9CE1-20D9-45F3-BA5B-A03C1EAD7AA7}.Release|Any CPU.Deploy.0 = Release|Any CPU
		{5CCF9CE1-20D9-45F3-BA5B-A03C1EAD7AA7}.Release|iPhone.ActiveCfg = Release|Any CPU
		{5CCF9CE1-20D9-45F3-BA5B-A03C1EAD7AA7}.Release|iPhone.Build.0 = Release|Any CPU
		{5CCF9CE1-20D9-45F3-BA5B-A03C1EAD7AA7}.Release|iPhone.Deploy.0 = Release|Any CPU
		{5CCF9CE1-20D9-45F3-BA5B-A03C1EAD7AA7}.Release|iPhoneSimulator.ActiveCfg = Release|Any CPU
		{5CCF9CE1-20D9-45F3-BA5B-A03C1EAD7AA7}.Release|iPhoneSimulator.Build.0 = Release|Any CPU
		{5CCF9CE1-20D9-45F3-BA5B-A03C1EAD7AA7}.Release|iPhoneSimulator.Deploy.0 = Release|Any CPU
		{693F1924-0AF1-4972-95AB-B2D2BC3CEED3}.Ad-Hoc|Any CPU.ActiveCfg = Release|Any CPU
		{693F1924-0AF1-4972-95AB-B2D2BC3CEED3}.Ad-Hoc|Any CPU.Build.0 = Release|Any CPU
		{693F1924-0AF1-4972-95AB-B2D2BC3CEED3}.Ad-Hoc|iPhone.ActiveCfg = Release|Any CPU
		{693F1924-0AF1-4972-95AB-B2D2BC3CEED3}.Ad-Hoc|iPhone.Build.0 = Release|Any CPU
		{693F1924-0AF1-4972-95AB-B2D2BC3CEED3}.Ad-Hoc|iPhoneSimulator.ActiveCfg = Release|Any CPU
		{693F1924-0AF1-4972-95AB-B2D2BC3CEED3}.Ad-Hoc|iPhoneSimulator.Build.0 = Release|Any CPU
		{693F1924-0AF1-4972-95AB-B2D2BC3CEED3}.AppStore|Any CPU.ActiveCfg = Release|Any CPU
		{693F1924-0AF1-4972-95AB-B2D2BC3CEED3}.AppStore|Any CPU.Build.0 = Release|Any CPU
		{693F1924-0AF1-4972-95AB-B2D2BC3CEED3}.AppStore|iPhone.ActiveCfg = Release|Any CPU
		{693F1924-0AF1-4972-95AB-B2D2BC3CEED3}.AppStore|iPhone.Build.0 = Release|Any CPU
		{693F1924-0AF1-4972-95AB-B2D2BC3CEED3}.AppStore|iPhoneSimulator.ActiveCfg = Release|Any CPU
		{693F1924-0AF1-4972-95AB-B2D2BC3CEED3}.AppStore|iPhoneSimulator.Build.0 = Release|Any CPU
		{693F1924-0AF1-4972-95AB-B2D2BC3CEED3}.Debug|Any CPU.ActiveCfg = Debug|Any CPU
		{693F1924-0AF1-4972-95AB-B2D2BC3CEED3}.Debug|Any CPU.Build.0 = Debug|Any CPU
		{693F1924-0AF1-4972-95AB-B2D2BC3CEED3}.Debug|iPhone.ActiveCfg = Debug|Any CPU
		{693F1924-0AF1-4972-95AB-B2D2BC3CEED3}.Debug|iPhone.Build.0 = Debug|Any CPU
		{693F1924-0AF1-4972-95AB-B2D2BC3CEED3}.Debug|iPhoneSimulator.ActiveCfg = Debug|Any CPU
		{693F1924-0AF1-4972-95AB-B2D2BC3CEED3}.Debug|iPhoneSimulator.Build.0 = Debug|Any CPU
		{693F1924-0AF1-4972-95AB-B2D2BC3CEED3}.Release|Any CPU.ActiveCfg = Release|Any CPU
		{693F1924-0AF1-4972-95AB-B2D2BC3CEED3}.Release|Any CPU.Build.0 = Release|Any CPU
		{693F1924-0AF1-4972-95AB-B2D2BC3CEED3}.Release|iPhone.ActiveCfg = Release|Any CPU
		{693F1924-0AF1-4972-95AB-B2D2BC3CEED3}.Release|iPhone.Build.0 = Release|Any CPU
		{693F1924-0AF1-4972-95AB-B2D2BC3CEED3}.Release|iPhoneSimulator.ActiveCfg = Release|Any CPU
		{693F1924-0AF1-4972-95AB-B2D2BC3CEED3}.Release|iPhoneSimulator.Build.0 = Release|Any CPU
		{484E1182-B93B-44E6-B578-42528FF6BC16}.Ad-Hoc|Any CPU.ActiveCfg = Ad-Hoc|iPhone
		{484E1182-B93B-44E6-B578-42528FF6BC16}.Ad-Hoc|iPhone.ActiveCfg = Ad-Hoc|iPhone
		{484E1182-B93B-44E6-B578-42528FF6BC16}.Ad-Hoc|iPhone.Build.0 = Ad-Hoc|iPhone
		{484E1182-B93B-44E6-B578-42528FF6BC16}.Ad-Hoc|iPhoneSimulator.ActiveCfg = Ad-Hoc|iPhoneSimulator
		{484E1182-B93B-44E6-B578-42528FF6BC16}.Ad-Hoc|iPhoneSimulator.Build.0 = Ad-Hoc|iPhoneSimulator
		{484E1182-B93B-44E6-B578-42528FF6BC16}.AppStore|Any CPU.ActiveCfg = AppStore|iPhone
		{484E1182-B93B-44E6-B578-42528FF6BC16}.AppStore|iPhone.ActiveCfg = AppStore|iPhone
		{484E1182-B93B-44E6-B578-42528FF6BC16}.AppStore|iPhone.Build.0 = AppStore|iPhone
		{484E1182-B93B-44E6-B578-42528FF6BC16}.AppStore|iPhoneSimulator.ActiveCfg = AppStore|iPhoneSimulator
		{484E1182-B93B-44E6-B578-42528FF6BC16}.AppStore|iPhoneSimulator.Build.0 = AppStore|iPhoneSimulator
		{484E1182-B93B-44E6-B578-42528FF6BC16}.Debug|Any CPU.ActiveCfg = Debug|iPhone
		{484E1182-B93B-44E6-B578-42528FF6BC16}.Debug|iPhone.ActiveCfg = Debug|iPhone
		{484E1182-B93B-44E6-B578-42528FF6BC16}.Debug|iPhone.Build.0 = Debug|iPhone
		{484E1182-B93B-44E6-B578-42528FF6BC16}.Debug|iPhoneSimulator.ActiveCfg = Debug|iPhoneSimulator
		{484E1182-B93B-44E6-B578-42528FF6BC16}.Debug|iPhoneSimulator.Build.0 = Debug|iPhoneSimulator
		{484E1182-B93B-44E6-B578-42528FF6BC16}.Release|Any CPU.ActiveCfg = Release|iPhone
		{484E1182-B93B-44E6-B578-42528FF6BC16}.Release|iPhone.ActiveCfg = Release|iPhone
		{484E1182-B93B-44E6-B578-42528FF6BC16}.Release|iPhone.Build.0 = Release|iPhone
		{484E1182-B93B-44E6-B578-42528FF6BC16}.Release|iPhoneSimulator.ActiveCfg = Release|iPhoneSimulator
		{484E1182-B93B-44E6-B578-42528FF6BC16}.Release|iPhoneSimulator.Build.0 = Release|iPhoneSimulator
	EndGlobalSection
	GlobalSection(SolutionProperties) = preSolution
		HideSolutionNode = FALSE
	EndGlobalSection
	GlobalSection(NestedProjects) = preSolution
		{5CCF9CE1-20D9-45F3-BA5B-A03C1EAD7AA7} = {3FE8DC02-E432-4875-944A-48E11C25482B}
		{693F1924-0AF1-4972-95AB-B2D2BC3CEED3} = {3FE8DC02-E432-4875-944A-48E11C25482B}
		{484E1182-B93B-44E6-B578-42528FF6BC16} = {3FE8DC02-E432-4875-944A-48E11C25482B}
	EndGlobalSection
	GlobalSection(ExtensibilityGlobals) = postSolution
		SolutionGuid = {747AAE3A-F300-4096-A91E-00E26BDA35F1}
	EndGlobalSection
EndGlobal
